
Microsoft Visual Studio Solution File, Format Version 12.00
# Visual Studio Version 17
VisualStudioVersion = 17.5.002.0
MinimumVisualStudioVersion = 10.0.40219.1
Project("{FAE04EC0-301F-11D3-BF4B-00C04F79EFBC}") = "ch1_ex01", "ch1\ex01\ch1_ex01.csproj", "{9654F617-7366-4634-B680-1C87F8E5D2D4}"
EndProject
Project("{FAE04EC0-301F-11D3-BF4B-00C04F79EFBC}") = "ch1_ex02", "ch1\ex02\ch1_ex02.csproj", "{3B66A130-C538-4F86-8CC7-FD234C1B06AA}"
EndProject
Project("{FAE04EC0-301F-11D3-BF4B-00C04F79EFBC}") = "ch1_ex03", "ch1\ex03\ch1_ex03.csproj", "{3FDDDE96-C708-4CB6-A37E-473289F0A6ED}"
EndProject
Project("{FAE04EC0-301F-11D3-BF4B-00C04F79EFBC}") = "ch1_ex04", "ch1\ex04\ch1_ex04.csproj", "{28E8BFEE-EA0A-4DA9-81C0-E5A250F90884}"
EndProject
Project("{FAE04EC0-301F-11D3-BF4B-00C04F79EFBC}") = "ch1_ex05", "ch1\ex05\ch1_ex05.csproj", "{87B08F30-3D66-4EA1-B06A-1DFEF6E18C2B}"
EndProject
Project("{FAE04EC0-301F-11D3-BF4B-00C04F79EFBC}") = "ch2_ex01", "ch2\ex01\ch2_ex01.csproj", "{53394ACD-F2E1-489D-923F-9CDB9C958758}"
EndProject
Project("{FAE04EC0-301F-11D3-BF4B-00C04F79EFBC}") = "ch2_ex02", "ch2\ex02\ch2_ex02.csproj", "{B0858618-8163-467D-A499-AA093197108F}"
EndProject
Project("{FAE04EC0-301F-11D3-BF4B-00C04F79EFBC}") = "ch2_ex03", "ch2\ex03\ch2_ex03.csproj", "{E146EC6E-E093-46AC-8ACD-71A63EAD4266}"
EndProject
Project("{FAE04EC0-301F-11D3-BF4B-00C04F79EFBC}") = "ch2_ex04", "ch2\ex04\ch2_ex04.csproj", "{185DC0BA-861E-4539-B455-73C37EE1B2C7}"
EndProject
Project("{FAE04EC0-301F-11D3-BF4B-00C04F79EFBC}") = "ch2_ex05", "ch2\ex05\ch2_ex05.csproj", "{8EA2C0C5-0972-48D0-A6CE-9021D11C1E5C}"
EndProject
Project("{FAE04EC0-301F-11D3-BF4B-00C04F79EFBC}") = "ch3_ex01", "ch3\ex01\ch3_ex01.csproj", "{4FFF5B9F-0A10-40F2-AA76-B579E6CDACF8}"
EndProject
Project("{FAE04EC0-301F-11D3-BF4B-00C04F79EFBC}") = "ch3_ex02", "ch3\ex02\ch3_ex02.csproj", "{BA47F026-DA49-4915-B45A-99E806C5ADC1}"
EndProject
Project("{FAE04EC0-301F-11D3-BF4B-00C04F79EFBC}") = "ch4_documents", "ch4\documents\ch4_documents.csproj", "{9BEF88BE-0766-4BEB-9454-DF7485D96F43}"
EndProject
Project("{FAE04EC0-301F-11D3-BF4B-00C04F79EFBC}") = "ch4_image_chain", "ch4\image_chain\ch4_image_chain.csproj", "{8EE8FC46-F34A-4C3B-A58B-FD2AFCE2260D}"
EndProject
Project("{FAE04EC0-301F-11D3-BF4B-00C04F79EFBC}") = "ch4_image_guess", "ch4\image_guess\ch4_image_guess.csproj", "{D6C71C2D-9AC5-4BFD-A5F4-647397D724A9}"
EndProject
Project("{FAE04EC0-301F-11D3-BF4B-00C04F79EFBC}") = "ch4_image_plugin", "ch4\image_plugin\ch4_image_plugin.csproj", "{A70CB0CF-2FCE-4C3A-9174-0D8D1987115B}"
EndProject
Project("{FAE04EC0-301F-11D3-BF4B-00C04F79EFBC}") = "ch5_home", "ch5\ch5_home\ch5_home.csproj", "{18A2917B-1C41-41EE-9B78-A5159AED3329}"
EndProject
Project("{FAE04EC0-301F-11D3-BF4B-00C04F79EFBC}") = "ch5_joke", "ch5\ch5_joke\ch5_joke.csproj", "{61CBBBEE-16A0-4211-B192-E622C7007CC0}"
EndProject
Project("{FAE04EC0-301F-11D3-BF4B-00C04F79EFBC}") = "ch6_chat", "ch6\ch6_chat\ch6_chat.csproj", "{7DC7DDCF-24BB-4192-AE14-1C6661071435}"
EndProject
Project("{FAE04EC0-301F-11D3-BF4B-00C04F79EFBC}") = "ch6_mem", "ch6\ch6_mem\ch6_mem.csproj", "{D3F51827-8DBF-4A9A-A62C-8E1C0D734791}"
EndProject
Project("{FAE04EC0-301F-11D3-BF4B-00C04F79EFBC}") = "ch7_create", "ch7\ch7_create\ch7_create.csproj", "{37A5ED38-AA27-4C7B-AD80-CC789AC691B9}"
EndProject
Project("{FAE04EC0-301F-11D3-BF4B-00C04F79EFBC}") = "ch7_rag", "ch7\ch7_rag\ch7_rag.csproj", "{6FFF015C-DA29-49AE-9D44-4F88FB561060}"
EndProject
Project("{FAE04EC0-301F-11D3-BF4B-00C04F79EFBC}") = "ch7_search", "ch7\ch7_search\ch7_search.csproj", "{B1587C28-34CA-4956-8EDE-8C400A7A8549}"
EndProject
Project("{FAE04EC0-301F-11D3-BF4B-00C04F79EFBC}") = "ch7_upload", "ch7\ch7_upload\ch7_upload.csproj", "{1AE82631-A181-4BA6-B50A-41C41883E139}"
EndProject
Project("{FAE04EC0-301F-11D3-BF4B-00C04F79EFBC}") = "ch8_SkHomeAutomation", "ch8\SkHomeAutomation\ch8_SkHomeAutomation.csproj", "{A2BC2516-9F81-4920-B58C-B47DFD0DB5E4}"
EndProject
Project("{2150E333-8FDC-42A3-9474-1A3956D46DE8}") = "ch1", "ch1", "{B57C5EC9-8868-43B4-B995-926CBC15158F}"
EndProject
Project("{2150E333-8FDC-42A3-9474-1A3956D46DE8}") = "ch2", "ch2", "{977F776C-B8FC-472C-8CBE-0C47A2DDB517}"
EndProject
Project("{2150E333-8FDC-42A3-9474-1A3956D46DE8}") = "ch3", "ch3", "{72403B36-3AF9-4D22-8D83-813F6029C18C}"
EndProject
Project("{2150E333-8FDC-42A3-9474-1A3956D46DE8}") = "ch4", "ch4", "{D5252112-1DEE-4C88-A105-27B6B3DFE990}"
EndProject
Project("{2150E333-8FDC-42A3-9474-1A3956D46DE8}") = "ch5", "ch5", "{AFA8FE89-9E1D-435F-A3EE-FB70E2309E9C}"
EndProject
Project("{2150E333-8FDC-42A3-9474-1A3956D46DE8}") = "ch6", "ch6", "{21690293-35CD-4146-B648-C3C08DAD115C}"
EndProject
Project("{2150E333-8FDC-42A3-9474-1A3956D46DE8}") = "ch7", "ch7", "{9908B06B-68FE-460B-97DE-B5D3F1664005}"
EndProject
Project("{2150E333-8FDC-42A3-9474-1A3956D46DE8}") = "ch8", "ch8", "{0C5780A6-DC01-48C1-8EB1-048809B53B44}"
EndProject
Global
	GlobalSection(SolutionConfigurationPlatforms) = preSolution
		Debug|Any CPU = Debug|Any CPU
		Release|Any CPU = Release|Any CPU
	EndGlobalSection
	GlobalSection(ProjectConfigurationPlatforms) = postSolution
		{9654F617-7366-4634-B680-1C87F8E5D2D4}.Debug|Any CPU.ActiveCfg = Debug|Any CPU
		{9654F617-7366-4634-B680-1C87F8E5D2D4}.Debug|Any CPU.Build.0 = Debug|Any CPU
		{9654F617-7366-4634-B680-1C87F8E5D2D4}.Release|Any CPU.ActiveCfg = Release|Any CPU
		{9654F617-7366-4634-B680-1C87F8E5D2D4}.Release|Any CPU.Build.0 = Release|Any CPU
		{3B66A130-C538-4F86-8CC7-FD234C1B06AA}.Debug|Any CPU.ActiveCfg = Debug|Any CPU
		{3B66A130-C538-4F86-8CC7-FD234C1B06AA}.Debug|Any CPU.Build.0 = Debug|Any CPU
		{3B66A130-C538-4F86-8CC7-FD234C1B06AA}.Release|Any CPU.ActiveCfg = Release|Any CPU
		{3B66A130-C538-4F86-8CC7-FD234C1B06AA}.Release|Any CPU.Build.0 = Release|Any CPU
		{3FDDDE96-C708-4CB6-A37E-473289F0A6ED}.Debug|Any CPU.ActiveCfg = Debug|Any CPU
		{3FDDDE96-C708-4CB6-A37E-473289F0A6ED}.Debug|Any CPU.Build.0 = Debug|Any CPU
		{3FDDDE96-C708-4CB6-A37E-473289F0A6ED}.Release|Any CPU.ActiveCfg = Release|Any CPU
		{3FDDDE96-C708-4CB6-A37E-473289F0A6ED}.Release|Any CPU.Build.0 = Release|Any CPU
		{28E8BFEE-EA0A-4DA9-81C0-E5A250F90884}.Debug|Any CPU.ActiveCfg = Debug|Any CPU
		{28E8BFEE-EA0A-4DA9-81C0-E5A250F90884}.Debug|Any CPU.Build.0 = Debug|Any CPU
		{28E8BFEE-EA0A-4DA9-81C0-E5A250F90884}.Release|Any CPU.ActiveCfg = Release|Any CPU
		{28E8BFEE-EA0A-4DA9-81C0-E5A250F90884}.Release|Any CPU.Build.0 = Release|Any CPU
		{87B08F30-3D66-4EA1-B06A-1DFEF6E18C2B}.Debug|Any CPU.ActiveCfg = Debug|Any CPU
		{87B08F30-3D66-4EA1-B06A-1DFEF6E18C2B}.Debug|Any CPU.Build.0 = Debug|Any CPU
		{87B08F30-3D66-4EA1-B06A-1DFEF6E18C2B}.Release|Any CPU.ActiveCfg = Release|Any CPU
		{87B08F30-3D66-4EA1-B06A-1DFEF6E18C2B}.Release|Any CPU.Build.0 = Release|Any CPU
		{53394ACD-F2E1-489D-923F-9CDB9C958758}.Debug|Any CPU.ActiveCfg = Debug|Any CPU
		{53394ACD-F2E1-489D-923F-9CDB9C958758}.Debug|Any CPU.Build.0 = Debug|Any CPU
		{53394ACD-F2E1-489D-923F-9CDB9C958758}.Release|Any CPU.ActiveCfg = Release|Any CPU
		{53394ACD-F2E1-489D-923F-9CDB9C958758}.Release|Any CPU.Build.0 = Release|Any CPU
		{B0858618-8163-467D-A499-AA093197108F}.Debug|Any CPU.ActiveCfg = Debug|Any CPU
		{B0858618-8163-467D-A499-AA093197108F}.Debug|Any CPU.Build.0 = Debug|Any CPU
		{B0858618-8163-467D-A499-AA093197108F}.Release|Any CPU.ActiveCfg = Release|Any CPU
		{B0858618-8163-467D-A499-AA093197108F}.Release|Any CPU.Build.0 = Release|Any CPU
		{E146EC6E-E093-46AC-8ACD-71A63EAD4266}.Debug|Any CPU.ActiveCfg = Debug|Any CPU
		{E146EC6E-E093-46AC-8ACD-71A63EAD4266}.Debug|Any CPU.Build.0 = Debug|Any CPU
		{E146EC6E-E093-46AC-8ACD-71A63EAD4266}.Release|Any CPU.ActiveCfg = Release|Any CPU
		{E146EC6E-E093-46AC-8ACD-71A63EAD4266}.Release|Any CPU.Build.0 = Release|Any CPU
		{185DC0BA-861E-4539-B455-73C37EE1B2C7}.Debug|Any CPU.ActiveCfg = Debug|Any CPU
		{185DC0BA-861E-4539-B455-73C37EE1B2C7}.Debug|Any CPU.Build.0 = Debug|Any CPU
		{185DC0BA-861E-4539-B455-73C37EE1B2C7}.Release|Any CPU.ActiveCfg = Release|Any CPU
		{185DC0BA-861E-4539-B455-73C37EE1B2C7}.Release|Any CPU.Build.0 = Release|Any CPU
		{8EA2C0C5-0972-48D0-A6CE-9021D11C1E5C}.Debug|Any CPU.ActiveCfg = Debug|Any CPU
		{8EA2C0C5-0972-48D0-A6CE-9021D11C1E5C}.Debug|Any CPU.Build.0 = Debug|Any CPU
		{8EA2C0C5-0972-48D0-A6CE-9021D11C1E5C}.Release|Any CPU.ActiveCfg = Release|Any CPU
		{8EA2C0C5-0972-48D0-A6CE-9021D11C1E5C}.Release|Any CPU.Build.0 = Release|Any CPU
		{4FFF5B9F-0A10-40F2-AA76-B579E6CDACF8}.Debug|Any CPU.ActiveCfg = Debug|Any CPU
		{4FFF5B9F-0A10-40F2-AA76-B579E6CDACF8}.Debug|Any CPU.Build.0 = Debug|Any CPU
		{4FFF5B9F-0A10-40F2-AA76-B579E6CDACF8}.Release|Any CPU.ActiveCfg = Release|Any CPU
		{4FFF5B9F-0A10-40F2-AA76-B579E6CDACF8}.Release|Any CPU.Build.0 = Release|Any CPU
		{BA47F026-DA49-4915-B45A-99E806C5ADC1}.Debug|Any CPU.ActiveCfg = Debug|Any CPU
		{BA47F026-DA49-4915-B45A-99E806C5ADC1}.Debug|Any CPU.Build.0 = Debug|Any CPU
		{BA47F026-DA49-4915-B45A-99E806C5ADC1}.Release|Any CPU.ActiveCfg = Release|Any CPU
		{BA47F026-DA49-4915-B45A-99E806C5ADC1}.Release|Any CPU.Build.0 = Release|Any CPU
		{9BEF88BE-0766-4BEB-9454-DF7485D96F43}.Debug|Any CPU.ActiveCfg = Debug|Any CPU
		{9BEF88BE-0766-4BEB-9454-DF7485D96F43}.Debug|Any CPU.Build.0 = Debug|Any CPU
		{9BEF88BE-0766-4BEB-9454-DF7485D96F43}.Release|Any CPU.ActiveCfg = Release|Any CPU
		{9BEF88BE-0766-4BEB-9454-DF7485D96F43}.Release|Any CPU.Build.0 = Release|Any CPU
		{8EE8FC46-F34A-4C3B-A58B-FD2AFCE2260D}.Debug|Any CPU.ActiveCfg = Debug|Any CPU
		{8EE8FC46-F34A-4C3B-A58B-FD2AFCE2260D}.Debug|Any CPU.Build.0 = Debug|Any CPU
		{8EE8FC46-F34A-4C3B-A58B-FD2AFCE2260D}.Release|Any CPU.ActiveCfg = Release|Any CPU
		{8EE8FC46-F34A-4C3B-A58B-FD2AFCE2260D}.Release|Any CPU.Build.0 = Release|Any CPU
		{D6C71C2D-9AC5-4BFD-A5F4-647397D724A9}.Debug|Any CPU.ActiveCfg = Debug|Any CPU
		{D6C71C2D-9AC5-4BFD-A5F4-647397D724A9}.Debug|Any CPU.Build.0 = Debug|Any CPU
		{D6C71C2D-9AC5-4BFD-A5F4-647397D724A9}.Release|Any CPU.ActiveCfg = Release|Any CPU
		{D6C71C2D-9AC5-4BFD-A5F4-647397D724A9}.Release|Any CPU.Build.0 = Release|Any CPU
		{A70CB0CF-2FCE-4C3A-9174-0D8D1987115B}.Debug|Any CPU.ActiveCfg = Debug|Any CPU
		{A70CB0CF-2FCE-4C3A-9174-0D8D1987115B}.Debug|Any CPU.Build.0 = Debug|Any CPU
		{A70CB0CF-2FCE-4C3A-9174-0D8D1987115B}.Release|Any CPU.ActiveCfg = Release|Any CPU
		{A70CB0CF-2FCE-4C3A-9174-0D8D1987115B}.Release|Any CPU.Build.0 = Release|Any CPU
		{18A2917B-1C41-41EE-9B78-A5159AED3329}.Debug|Any CPU.ActiveCfg = Debug|Any CPU
		{18A2917B-1C41-41EE-9B78-A5159AED3329}.Debug|Any CPU.Build.0 = Debug|Any CPU
		{18A2917B-1C41-41EE-9B78-A5159AED3329}.Release|Any CPU.ActiveCfg = Release|Any CPU
		{18A2917B-1C41-41EE-9B78-A5159AED3329}.Release|Any CPU.Build.0 = Release|Any CPU
		{61CBBBEE-16A0-4211-B192-E622C7007CC0}.Debug|Any CPU.ActiveCfg = Debug|Any CPU
		{61CBBBEE-16A0-4211-B192-E622C7007CC0}.Debug|Any CPU.Build.0 = Debug|Any CPU
		{61CBBBEE-16A0-4211-B192-E622C7007CC0}.Release|Any CPU.ActiveCfg = Release|Any CPU
		{61CBBBEE-16A0-4211-B192-E622C7007CC0}.Release|Any CPU.Build.0 = Release|Any CPU
		{7DC7DDCF-24BB-4192-AE14-1C6661071435}.Debug|Any CPU.ActiveCfg = Debug|Any CPU
		{7DC7DDCF-24BB-4192-AE14-1C6661071435}.Debug|Any CPU.Build.0 = Debug|Any CPU
		{7DC7DDCF-24BB-4192-AE14-1C6661071435}.Release|Any CPU.ActiveCfg = Release|Any CPU
		{7DC7DDCF-24BB-4192-AE14-1C6661071435}.Release|Any CPU.Build.0 = Release|Any CPU
		{D3F51827-8DBF-4A9A-A62C-8E1C0D734791}.Debug|Any CPU.ActiveCfg = Debug|Any CPU
		{D3F51827-8DBF-4A9A-A62C-8E1C0D734791}.Debug|Any CPU.Build.0 = Debug|Any CPU
		{D3F51827-8DBF-4A9A-A62C-8E1C0D734791}.Release|Any CPU.ActiveCfg = Release|Any CPU
		{D3F51827-8DBF-4A9A-A62C-8E1C0D734791}.Release|Any CPU.Build.0 = Release|Any CPU
		{37A5ED38-AA27-4C7B-AD80-CC789AC691B9}.Debug|Any CPU.ActiveCfg = Debug|Any CPU
		{37A5ED38-AA27-4C7B-AD80-CC789AC691B9}.Debug|Any CPU.Build.0 = Debug|Any CPU
		{37A5ED38-AA27-4C7B-AD80-CC789AC691B9}.Release|Any CPU.ActiveCfg = Release|Any CPU
		{37A5ED38-AA27-4C7B-AD80-CC789AC691B9}.Release|Any CPU.Build.0 = Release|Any CPU
		{6FFF015C-DA29-49AE-9D44-4F88FB561060}.Debug|Any CPU.ActiveCfg = Debug|Any CPU
		{6FFF015C-DA29-49AE-9D44-4F88FB561060}.Debug|Any CPU.Build.0 = Debug|Any CPU
		{6FFF015C-DA29-49AE-9D44-4F88FB561060}.Release|Any CPU.ActiveCfg = Release|Any CPU
		{6FFF015C-DA29-49AE-9D44-4F88FB561060}.Release|Any CPU.Build.0 = Release|Any CPU
		{B1587C28-34CA-4956-8EDE-8C400A7A8549}.Debug|Any CPU.ActiveCfg = Debug|Any CPU
		{B1587C28-34CA-4956-8EDE-8C400A7A8549}.Debug|Any CPU.Build.0 = Debug|Any CPU
		{B1587C28-34CA-4956-8EDE-8C400A7A8549}.Release|Any CPU.ActiveCfg = Release|Any CPU
		{B1587C28-34CA-4956-8EDE-8C400A7A8549}.Release|Any CPU.Build.0 = Release|Any CPU
		{1AE82631-A181-4BA6-B50A-41C41883E139}.Debug|Any CPU.ActiveCfg = Debug|Any CPU
		{1AE82631-A181-4BA6-B50A-41C41883E139}.Debug|Any CPU.Build.0 = Debug|Any CPU
		{1AE82631-A181-4BA6-B50A-41C41883E139}.Release|Any CPU.ActiveCfg = Release|Any CPU
		{1AE82631-A181-4BA6-B50A-41C41883E139}.Release|Any CPU.Build.0 = Release|Any CPU
		{A2BC2516-9F81-4920-B58C-B47DFD0DB5E4}.Debug|Any CPU.ActiveCfg = Debug|Any CPU
		{A2BC2516-9F81-4920-B58C-B47DFD0DB5E4}.Debug|Any CPU.Build.0 = Debug|Any CPU
		{A2BC2516-9F81-4920-B58C-B47DFD0DB5E4}.Release|Any CPU.ActiveCfg = Release|Any CPU
		{A2BC2516-9F81-4920-B58C-B47DFD0DB5E4}.Release|Any CPU.Build.0 = Release|Any CPU
	EndGlobalSection
	GlobalSection(SolutionProperties) = preSolution
		HideSolutionNode = FALSE
	EndGlobalSection
	GlobalSection(NestedProjects) = preSolution
		{9654F617-7366-4634-B680-1C87F8E5D2D4} = {B57C5EC9-8868-43B4-B995-926CBC15158F}
		{3B66A130-C538-4F86-8CC7-FD234C1B06AA} = {B57C5EC9-8868-43B4-B995-926CBC15158F}
		{3FDDDE96-C708-4CB6-A37E-473289F0A6ED} = {B57C5EC9-8868-43B4-B995-926CBC15158F}
		{28E8BFEE-EA0A-4DA9-81C0-E5A250F90884} = {B57C5EC9-8868-43B4-B995-926CBC15158F}
		{87B08F30-3D66-4EA1-B06A-1DFEF6E18C2B} = {B57C5EC9-8868-43B4-B995-926CBC15158F}
		{53394ACD-F2E1-489D-923F-9CDB9C958758} = {977F776C-B8FC-472C-8CBE-0C47A2DDB517}
		{B0858618-8163-467D-A499-AA093197108F} = {977F776C-B8FC-472C-8CBE-0C47A2DDB517}
		{E146EC6E-E093-46AC-8ACD-71A63EAD4266} = {977F776C-B8FC-472C-8CBE-0C47A2DDB517}
		{185DC0BA-861E-4539-B455-73C37EE1B2C7} = {977F776C-B8FC-472C-8CBE-0C47A2DDB517}
		{8EA2C0C5-0972-48D0-A6CE-9021D11C1E5C} = {977F776C-B8FC-472C-8CBE-0C47A2DDB517}
		{4FFF5B9F-0A10-40F2-AA76-B579E6CDACF8} = {72403B36-3AF9-4D22-8D83-813F6029C18C}
		{BA47F026-DA49-4915-B45A-99E806C5ADC1} = {72403B36-3AF9-4D22-8D83-813F6029C18C}
		{9BEF88BE-0766-4BEB-9454-DF7485D96F43} = {D5252112-1DEE-4C88-A105-27B6B3DFE990}
		{8EE8FC46-F34A-4C3B-A58B-FD2AFCE2260D} = {D5252112-1DEE-4C88-A105-27B6B3DFE990}
		{D6C71C2D-9AC5-4BFD-A5F4-647397D724A9} = {D5252112-1DEE-4C88-A105-27B6B3DFE990}
		{A70CB0CF-2FCE-4C3A-9174-0D8D1987115B} = {D5252112-1DEE-4C88-A105-27B6B3DFE990}
		{18A2917B-1C41-41EE-9B78-A5159AED3329} = {AFA8FE89-9E1D-435F-A3EE-FB70E2309E9C}
		{61CBBBEE-16A0-4211-B192-E622C7007CC0} = {AFA8FE89-9E1D-435F-A3EE-FB70E2309E9C}
		{7DC7DDCF-24BB-4192-AE14-1C6661071435} = {21690293-35CD-4146-B648-C3C08DAD115C}
		{D3F51827-8DBF-4A9A-A62C-8E1C0D734791} = {21690293-35CD-4146-B648-C3C08DAD115C}
		{37A5ED38-AA27-4C7B-AD80-CC789AC691B9} = {9908B06B-68FE-460B-97DE-B5D3F1664005}
		{6FFF015C-DA29-49AE-9D44-4F88FB561060} = {9908B06B-68FE-460B-97DE-B5D3F1664005}
		{B1587C28-34CA-4956-8EDE-8C400A7A8549} = {9908B06B-68FE-460B-97DE-B5D3F1664005}
		{1AE82631-A181-4BA6-B50A-41C41883E139} = {9908B06B-68FE-460B-97DE-B5D3F1664005}
		{A2BC2516-9F81-4920-B58C-B47DFD0DB5E4} = {0C5780A6-DC01-48C1-8EB1-048809B53B44}
	EndGlobalSection
	GlobalSection(ExtensibilityGlobals) = postSolution
		SolutionGuid = {551CA775-41F6-4C12-B0B3-7CF850A09CBD}
	EndGlobalSection
EndGlobal
