Microsoft Visual Studio Solution File, Format Version 12.00
# Visual Studio Version 17
VisualStudioVersion = 17.5.002.0
MinimumVisualStudioVersion = 10.0.40219.1
Project("{FAE04EC0-301F-11D3-BF4B-00C04F79EFBC}") = "ch4_documents", "ch4_documents.csproj", "{762B26BB-20CC-423C-B79F-B6BB64CD5CCD}"
EndProject
Global
	GlobalSection(SolutionConfigurationPlatforms) = preSolution
		Debug|Any CPU = Debug|Any CPU
		Release|Any CPU = Release|Any CPU
	EndGlobalSection
	GlobalSection(ProjectConfigurationPlatforms) = postSolution
		{762B26BB-20CC-423C-B79F-B6BB64CD5CCD}.Debug|Any CPU.ActiveCfg = Debug|Any CPU
		{762B26BB-20CC-423C-B79F-B6BB64CD5CCD}.Debug|Any CPU.Build.0 = Debug|Any CPU
		{762B26BB-20CC-423C-B79F-B6BB64CD5CCD}.Release|Any CPU.ActiveCfg = Release|Any CPU
		{762B26BB-20CC-423C-B79F-B6BB64CD5CCD}.Release|Any CPU.Build.0 = Release|Any CPU
	EndGlobalSection
	GlobalSection(SolutionProperties) = preSolution
		HideSolutionNode = FALSE
	EndGlobalSection
	GlobalSection(ExtensibilityGlobals) = postSolution
		SolutionGuid = {C75F69B3-FD66-48B0-9608-9485D2852F39}
	EndGlobalSection
EndGlobal
